// !$*UTF8*$!
{
	archiveVersion = 1;
	classes = {
	};
	objectVersion = 46;
	objects = {

/* Begin PBXBuildFile section */
		9208EC941E44B4C9002F72BE /* AppDelegate.m in Sources */ = {isa = PBXBuildFile; fileRef = 9208EC841E44B4C9002F72BE /* AppDelegate.m */; };
		9208EC951E44B4C9002F72BE /* BarcodeParserEAN13.m in Sources */ = {isa = PBXBuildFile; fileRef = 9208EC881E44B4C9002F72BE /* BarcodeParserEAN13.m */; };
		9208EC971E44B4C9002F72BE /* BRViewController.xib in Resources */ = {isa = PBXBuildFile; fileRef = 9208EC8C1E44B4C9002F72BE /* BRViewController.xib */; };
		9208EC981E44B4C9002F72BE /* BRViewController.m in Sources */ = {isa = PBXBuildFile; fileRef = 9208EC8E1E44B4C9002F72BE /* BRViewController.m */; };
		9208EC991E44B4C9002F72BE /* Assets.xcassets in Resources */ = {isa = PBXBuildFile; fileRef = 9208EC901E44B4C9002F72BE /* Assets.xcassets */; };
		9208EC9B1E44B4C9002F72BE /* main.m in Sources */ = {isa = PBXBuildFile; fileRef = 9208EC931E44B4C9002F72BE /* main.m */; };
		9208ED271E4524AE002F72BE /* example-1.JPG in Resources */ = {isa = PBXBuildFile; fileRef = 9208ECFF1E4524AE002F72BE /* example-1.JPG */; };
		9208ED281E4524AE002F72BE /* example-10-gray.jpg in Resources */ = {isa = PBXBuildFile; fileRef = 9208ED001E4524AE002F72BE /* example-10-gray.jpg */; };
		9208ED291E4524AE002F72BE /* example-11-gray.jpg in Resources */ = {isa = PBXBuildFile; fileRef = 9208ED011E4524AE002F72BE /* example-11-gray.jpg */; };
		9208ED2A1E4524AE002F72BE /* example-2.JPG in Resources */ = {isa = PBXBuildFile; fileRef = 9208ED021E4524AE002F72BE /* example-2.JPG */; };
		9208ED2B1E4524AE002F72BE /* example-3.bmp in Resources */ = {isa = PBXBuildFile; fileRef = 9208ED031E4524AE002F72BE /* example-3.bmp */; };
		9208ED2C1E4524AE002F72BE /* example-4.bmp in Resources */ = {isa = PBXBuildFile; fileRef = 9208ED041E4524AE002F72BE /* example-4.bmp */; };
		9208ED2D1E4524AE002F72BE /* example-5.bmp in Resources */ = {isa = PBXBuildFile; fileRef = 9208ED051E4524AE002F72BE /* example-5.bmp */; };
		9208ED2E1E4524AE002F72BE /* example-6.gif in Resources */ = {isa = PBXBuildFile; fileRef = 9208ED061E4524AE002F72BE /* example-6.gif */; };
		9208ED2F1E4524AE002F72BE /* example-7.png in Resources */ = {isa = PBXBuildFile; fileRef = 9208ED071E4524AE002F72BE /* example-7.png */; };
		9208ED301E4524AE002F72BE /* example-8.png in Resources */ = {isa = PBXBuildFile; fileRef = 9208ED081E4524AE002F72BE /* example-8.png */; };
		9208ED311E4524AE002F72BE /* example-9-rotated.png in Resources */ = {isa = PBXBuildFile; fileRef = 9208ED091E4524AE002F72BE /* example-9-rotated.png */; };
		9208ED321E4524AE002F72BE /* real-example-1.jpg in Resources */ = {isa = PBXBuildFile; fileRef = 9208ED0B1E4524AE002F72BE /* real-example-1.jpg */; };
		9208ED331E4524AE002F72BE /* real-example-10(1).jpg in Resources */ = {isa = PBXBuildFile; fileRef = 9208ED0C1E4524AE002F72BE /* real-example-10(1).jpg */; };
		9208ED341E4524AE002F72BE /* real-example-10.jpg in Resources */ = {isa = PBXBuildFile; fileRef = 9208ED0D1E4524AE002F72BE /* real-example-10.jpg */; };
		9208ED351E4524AE002F72BE /* real-example-11.jpg in Resources */ = {isa = PBXBuildFile; fileRef = 9208ED0E1E4524AE002F72BE /* real-example-11.jpg */; };
		9208ED361E4524AE002F72BE /* real-example-12.jpg in Resources */ = {isa = PBXBuildFile; fileRef = 9208ED0F1E4524AE002F72BE /* real-example-12.jpg */; };
		9208ED371E4524AE002F72BE /* real-example-13.jpg in Resources */ = {isa = PBXBuildFile; fileRef = 9208ED101E4524AE002F72BE /* real-example-13.jpg */; };
		9208ED381E4524AE002F72BE /* real-example-14.jpg in Resources */ = {isa = PBXBuildFile; fileRef = 9208ED111E4524AE002F72BE /* real-example-14.jpg */; };
		9208ED391E4524AE002F72BE /* real-example-15.jpg in Resources */ = {isa = PBXBuildFile; fileRef = 9208ED121E4524AE002F72BE /* real-example-15.jpg */; };
		9208ED3A1E4524AE002F72BE /* real-example-16(1).jpg in Resources */ = {isa = PBXBuildFile; fileRef = 9208ED131E4524AE002F72BE /* real-example-16(1).jpg */; };
		9208ED3B1E4524AE002F72BE /* real-example-16(2).jpg in Resources */ = {isa = PBXBuildFile; fileRef = 9208ED141E4524AE002F72BE /* real-example-16(2).jpg */; };
		9208ED3C1E4524AE002F72BE /* real-example-16.jpg in Resources */ = {isa = PBXBuildFile; fileRef = 9208ED151E4524AE002F72BE /* real-example-16.jpg */; };
		9208ED3D1E4524AE002F72BE /* real-example-17.jpg in Resources */ = {isa = PBXBuildFile; fileRef = 9208ED161E4524AE002F72BE /* real-example-17.jpg */; };
		9208ED3E1E4524AE002F72BE /* real-example-18.jpg in Resources */ = {isa = PBXBuildFile; fileRef = 9208ED171E4524AE002F72BE /* real-example-18.jpg */; };
		9208ED3F1E4524AE002F72BE /* real-example-19.jpg in Resources */ = {isa = PBXBuildFile; fileRef = 9208ED181E4524AE002F72BE /* real-example-19.jpg */; };
		9208ED401E4524AE002F72BE /* real-example-2.jpg in Resources */ = {isa = PBXBuildFile; fileRef = 9208ED191E4524AE002F72BE /* real-example-2.jpg */; };
		9208ED411E4524AE002F72BE /* real-example-20.jpg in Resources */ = {isa = PBXBuildFile; fileRef = 9208ED1A1E4524AE002F72BE /* real-example-20.jpg */; };
		9208ED421E4524AE002F72BE /* real-example-21.jpg in Resources */ = {isa = PBXBuildFile; fileRef = 9208ED1B1E4524AE002F72BE /* real-example-21.jpg */; };
		9208ED431E4524AE002F72BE /* real-example-22.jpg in Resources */ = {isa = PBXBuildFile; fileRef = 9208ED1C1E4524AE002F72BE /* real-example-22.jpg */; };
		9208ED441E4524AE002F72BE /* real-example-23.jpg in Resources */ = {isa = PBXBuildFile; fileRef = 9208ED1D1E4524AE002F72BE /* real-example-23.jpg */; };
		9208ED451E4524AE002F72BE /* real-example-3.jpg in Resources */ = {isa = PBXBuildFile; fileRef = 9208ED1E1E4524AE002F72BE /* real-example-3.jpg */; };
		9208ED461E4524AE002F72BE /* real-example-4.jpg in Resources */ = {isa = PBXBuildFile; fileRef = 9208ED1F1E4524AE002F72BE /* real-example-4.jpg */; };
		9208ED471E4524AE002F72BE /* real-example-5.jpg in Resources */ = {isa = PBXBuildFile; fileRef = 9208ED201E4524AE002F72BE /* real-example-5.jpg */; };
		9208ED481E4524AE002F72BE /* real-example-6.jpg in Resources */ = {isa = PBXBuildFile; fileRef = 9208ED211E4524AE002F72BE /* real-example-6.jpg */; };
		9208ED491E4524AE002F72BE /* real-example-7(1).jpg in Resources */ = {isa = PBXBuildFile; fileRef = 9208ED221E4524AE002F72BE /* real-example-7(1).jpg */; };
		9208ED4A1E4524AE002F72BE /* real-example-7(2).jpg in Resources */ = {isa = PBXBuildFile; fileRef = 9208ED231E4524AE002F72BE /* real-example-7(2).jpg */; };
		9208ED4B1E4524AE002F72BE /* real-example-7(3).jpg in Resources */ = {isa = PBXBuildFile; fileRef = 9208ED241E4524AE002F72BE /* real-example-7(3).jpg */; };
		9208ED4C1E4524AE002F72BE /* real-example-8.jpg in Resources */ = {isa = PBXBuildFile; fileRef = 9208ED251E4524AE002F72BE /* real-example-8.jpg */; };
		9208ED4D1E4524AE002F72BE /* real-example-9.jpg in Resources */ = {isa = PBXBuildFile; fileRef = 9208ED261E4524AE002F72BE /* real-example-9.jpg */; };
		9208ED581E452510002F72BE /* LaunchScreen.storyboard in Resources */ = {isa = PBXBuildFile; fileRef = 9208ED561E452510002F72BE /* LaunchScreen.storyboard */; };
/* End PBXBuildFile section */

/* Begin PBXContainerItemProxy section */
		F259406A1C1F2AEB00AD4239 /* PBXContainerItemProxy */ = {
			isa = PBXContainerItemProxy;
			containerPortal = F25940451C1F2AEA00AD4239 /* Project object */;
			proxyType = 1;
			remoteGlobalIDString = F259404C1C1F2AEA00AD4239;
			remoteInfo = "BarcodeReaderEAN-13";
		};
		F25940751C1F2AEB00AD4239 /* PBXContainerItemProxy */ = {
			isa = PBXContainerItemProxy;
			containerPortal = F25940451C1F2AEA00AD4239 /* Project object */;
			proxyType = 1;
			remoteGlobalIDString = F259404C1C1F2AEA00AD4239;
			remoteInfo = "BarcodeReaderEAN-13";
		};
/* End PBXContainerItemProxy section */

/* Begin PBXFileReference section */
		9208EC831E44B4C9002F72BE /* AppDelegate.h */ = {isa = PBXFileReference; fileEncoding = 4; lastKnownFileType = sourcecode.c.h; path = AppDelegate.h; sourceTree = "<group>"; };
		9208EC841E44B4C9002F72BE /* AppDelegate.m */ = {isa = PBXFileReference; fileEncoding = 4; lastKnownFileType = sourcecode.c.objc; path = AppDelegate.m; sourceTree = "<group>"; };
		9208EC861E44B4C9002F72BE /* BarcodeParserProtocol.h */ = {isa = PBXFileReference; fileEncoding = 4; lastKnownFileType = sourcecode.c.h; path = BarcodeParserProtocol.h; sourceTree = "<group>"; };
		9208EC871E44B4C9002F72BE /* BarcodeParserEAN13.h */ = {isa = PBXFileReference; fileEncoding = 4; lastKnownFileType = sourcecode.c.h; path = BarcodeParserEAN13.h; sourceTree = "<group>"; };
		9208EC881E44B4C9002F72BE /* BarcodeParserEAN13.m */ = {isa = PBXFileReference; fileEncoding = 4; lastKnownFileType = sourcecode.c.objc; path = BarcodeParserEAN13.m; sourceTree = "<group>"; };
		9208EC8C1E44B4C9002F72BE /* BRViewController.xib */ = {isa = PBXFileReference; fileEncoding = 4; lastKnownFileType = file.xib; path = BRViewController.xib; sourceTree = "<group>"; };
		9208EC8D1E44B4C9002F72BE /* BRViewController.h */ = {isa = PBXFileReference; fileEncoding = 4; lastKnownFileType = sourcecode.c.h; path = BRViewController.h; sourceTree = "<group>"; };
		9208EC8E1E44B4C9002F72BE /* BRViewController.m */ = {isa = PBXFileReference; fileEncoding = 4; lastKnownFileType = sourcecode.c.objc; path = BRViewController.m; sourceTree = "<group>"; };
		9208EC901E44B4C9002F72BE /* Assets.xcassets */ = {isa = PBXFileReference; lastKnownFileType = folder.assetcatalog; path = Assets.xcassets; sourceTree = "<group>"; };
		9208EC921E44B4C9002F72BE /* Info.plist */ = {isa = PBXFileReference; fileEncoding = 4; lastKnownFileType = text.plist.xml; path = Info.plist; sourceTree = "<group>"; };
		9208EC931E44B4C9002F72BE /* main.m */ = {isa = PBXFileReference; fileEncoding = 4; lastKnownFileType = sourcecode.c.objc; path = main.m; sourceTree = "<group>"; };
		9208ECFF1E4524AE002F72BE /* example-1.JPG */ = {isa = PBXFileReference; lastKnownFileType = image.jpeg; path = "example-1.JPG"; sourceTree = "<group>"; };
		9208ED001E4524AE002F72BE /* example-10-gray.jpg */ = {isa = PBXFileReference; lastKnownFileType = image.jpeg; path = "example-10-gray.jpg"; sourceTree = "<group>"; };
		9208ED011E4524AE002F72BE /* example-11-gray.jpg */ = {isa = PBXFileReference; lastKnownFileType = image.jpeg; path = "example-11-gray.jpg"; sourceTree = "<group>"; };
		9208ED021E4524AE002F72BE /* example-2.JPG */ = {isa = PBXFileReference; lastKnownFileType = image.jpeg; path = "example-2.JPG"; sourceTree = "<group>"; };
		9208ED031E4524AE002F72BE /* example-3.bmp */ = {isa = PBXFileReference; lastKnownFileType = image.bmp; path = "example-3.bmp"; sourceTree = "<group>"; };
		9208ED041E4524AE002F72BE /* example-4.bmp */ = {isa = PBXFileReference; lastKnownFileType = image.bmp; path = "example-4.bmp"; sourceTree = "<group>"; };
		9208ED051E4524AE002F72BE /* example-5.bmp */ = {isa = PBXFileReference; lastKnownFileType = image.bmp; path = "example-5.bmp"; sourceTree = "<group>"; };
		9208ED061E4524AE002F72BE /* example-6.gif */ = {isa = PBXFileReference; lastKnownFileType = image.gif; path = "example-6.gif"; sourceTree = "<group>"; };
		9208ED071E4524AE002F72BE /* example-7.png */ = {isa = PBXFileReference; lastKnownFileType = image.png; path = "example-7.png"; sourceTree = "<group>"; };
		9208ED081E4524AE002F72BE /* example-8.png */ = {isa = PBXFileReference; lastKnownFileType = image.png; path = "example-8.png"; sourceTree = "<group>"; };
		9208ED091E4524AE002F72BE /* example-9-rotated.png */ = {isa = PBXFileReference; lastKnownFileType = image.png; path = "example-9-rotated.png"; sourceTree = "<group>"; };
		9208ED0B1E4524AE002F72BE /* real-example-1.jpg */ = {isa = PBXFileReference; lastKnownFileType = image.jpeg; path = "real-example-1.jpg"; sourceTree = "<group>"; };
		9208ED0C1E4524AE002F72BE /* real-example-10(1).jpg */ = {isa = PBXFileReference; lastKnownFileType = image.jpeg; path = "real-example-10(1).jpg"; sourceTree = "<group>"; };
		9208ED0D1E4524AE002F72BE /* real-example-10.jpg */ = {isa = PBXFileReference; lastKnownFileType = image.jpeg; path = "real-example-10.jpg"; sourceTree = "<group>"; };
		9208ED0E1E4524AE002F72BE /* real-example-11.jpg */ = {isa = PBXFileReference; lastKnownFileType = image.jpeg; path = "real-example-11.jpg"; sourceTree = "<group>"; };
		9208ED0F1E4524AE002F72BE /* real-example-12.jpg */ = {isa = PBXFileReference; lastKnownFileType = image.jpeg; path = "real-example-12.jpg"; sourceTree = "<group>"; };
		9208ED101E4524AE002F72BE /* real-example-13.jpg */ = {isa = PBXFileReference; lastKnownFileType = image.jpeg; path = "real-example-13.jpg"; sourceTree = "<group>"; };
		9208ED111E4524AE002F72BE /* real-example-14.jpg */ = {isa = PBXFileReference; lastKnownFileType = image.jpeg; path = "real-example-14.jpg"; sourceTree = "<group>"; };
		9208ED121E4524AE002F72BE /* real-example-15.jpg */ = {isa = PBXFileReference; lastKnownFileType = image.jpeg; path = "real-example-15.jpg"; sourceTree = "<group>"; };
		9208ED131E4524AE002F72BE /* real-example-16(1).jpg */ = {isa = PBXFileReference; lastKnownFileType = image.jpeg; path = "real-example-16(1).jpg"; sourceTree = "<group>"; };
		9208ED141E4524AE002F72BE /* real-example-16(2).jpg */ = {isa = PBXFileReference; lastKnownFileType = image.jpeg; path = "real-example-16(2).jpg"; sourceTree = "<group>"; };
		9208ED151E4524AE002F72BE /* real-example-16.jpg */ = {isa = PBXFileReference; lastKnownFileType = image.jpeg; path = "real-example-16.jpg"; sourceTree = "<group>"; };
		9208ED161E4524AE002F72BE /* real-example-17.jpg */ = {isa = PBXFileReference; lastKnownFileType = image.jpeg; path = "real-example-17.jpg"; sourceTree = "<group>"; };
		9208ED171E4524AE002F72BE /* real-example-18.jpg */ = {isa = PBXFileReference; lastKnownFileType = image.jpeg; path = "real-example-18.jpg"; sourceTree = "<group>"; };
		9208ED181E4524AE002F72BE /* real-example-19.jpg */ = {isa = PBXFileReference; lastKnownFileType = image.jpeg; path = "real-example-19.jpg"; sourceTree = "<group>"; };
		9208ED191E4524AE002F72BE /* real-example-2.jpg */ = {isa = PBXFileReference; lastKnownFileType = image.jpeg; path = "real-example-2.jpg"; sourceTree = "<group>"; };
		9208ED1A1E4524AE002F72BE /* real-example-20.jpg */ = {isa = PBXFileReference; lastKnownFileType = image.jpeg; path = "real-example-20.jpg"; sourceTree = "<group>"; };
		9208ED1B1E4524AE002F72BE /* real-example-21.jpg */ = {isa = PBXFileReference; lastKnownFileType = image.jpeg; path = "real-example-21.jpg"; sourceTree = "<group>"; };
		9208ED1C1E4524AE002F72BE /* real-example-22.jpg */ = {isa = PBXFileReference; lastKnownFileType = image.jpeg; path = "real-example-22.jpg"; sourceTree = "<group>"; };
		9208ED1D1E4524AE002F72BE /* real-example-23.jpg */ = {isa = PBXFileReference; lastKnownFileType = image.jpeg; path = "real-example-23.jpg"; sourceTree = "<group>"; };
		9208ED1E1E4524AE002F72BE /* real-example-3.jpg */ = {isa = PBXFileReference; lastKnownFileType = image.jpeg; path = "real-example-3.jpg"; sourceTree = "<group>"; };
		9208ED1F1E4524AE002F72BE /* real-example-4.jpg */ = {isa = PBXFileReference; lastKnownFileType = image.jpeg; path = "real-example-4.jpg"; sourceTree = "<group>"; };
		9208ED201E4524AE002F72BE /* real-example-5.jpg */ = {isa = PBXFileReference; lastKnownFileType = image.jpeg; path = "real-example-5.jpg"; sourceTree = "<group>"; };
		9208ED211E4524AE002F72BE /* real-example-6.jpg */ = {isa = PBXFileReference; lastKnownFileType = image.jpeg; path = "real-example-6.jpg"; sourceTree = "<group>"; };
		9208ED221E4524AE002F72BE /* real-example-7(1).jpg */ = {isa = PBXFileReference; lastKnownFileType = image.jpeg; path = "real-example-7(1).jpg"; sourceTree = "<group>"; };
		9208ED231E4524AE002F72BE /* real-example-7(2).jpg */ = {isa = PBXFileReference; lastKnownFileType = image.jpeg; path = "real-example-7(2).jpg"; sourceTree = "<group>"; };
		9208ED241E4524AE002F72BE /* real-example-7(3).jpg */ = {isa = PBXFileReference; lastKnownFileType = image.jpeg; path = "real-example-7(3).jpg"; sourceTree = "<group>"; };
		9208ED251E4524AE002F72BE /* real-example-8.jpg */ = {isa = PBXFileReference; lastKnownFileType = image.jpeg; path = "real-example-8.jpg"; sourceTree = "<group>"; };
		9208ED261E4524AE002F72BE /* real-example-9.jpg */ = {isa = PBXFileReference; lastKnownFileType = image.jpeg; path = "real-example-9.jpg"; sourceTree = "<group>"; };
		9208ED571E452510002F72BE /* Base */ = {isa = PBXFileReference; lastKnownFileType = file.storyboard; name = Base; path = Base.lproj/LaunchScreen.storyboard; sourceTree = "<group>"; };
		F259404D1C1F2AEA00AD4239 /* BarcodeReaderEAN-13.app */ = {isa = PBXFileReference; explicitFileType = wrapper.application; includeInIndex = 0; path = "BarcodeReaderEAN-13.app"; sourceTree = BUILT_PRODUCTS_DIR; };
		F25940691C1F2AEB00AD4239 /* BarcodeReaderEAN-13Tests.xctest */ = {isa = PBXFileReference; explicitFileType = wrapper.cfbundle; includeInIndex = 0; path = "BarcodeReaderEAN-13Tests.xctest"; sourceTree = BUILT_PRODUCTS_DIR; };
		F25940741C1F2AEB00AD4239 /* BarcodeReaderEAN-13UITests.xctest */ = {isa = PBXFileReference; explicitFileType = wrapper.cfbundle; includeInIndex = 0; path = "BarcodeReaderEAN-13UITests.xctest"; sourceTree = BUILT_PRODUCTS_DIR; };
/* End PBXFileReference section */

/* Begin PBXFrameworksBuildPhase section */
		F259404A1C1F2AEA00AD4239 /* Frameworks */ = {
			isa = PBXFrameworksBuildPhase;
			buildActionMask = 2147483647;
			files = (
			);
			runOnlyForDeploymentPostprocessing = 0;
		};
		F25940661C1F2AEB00AD4239 /* Frameworks */ = {
			isa = PBXFrameworksBuildPhase;
			buildActionMask = 2147483647;
			files = (
			);
			runOnlyForDeploymentPostprocessing = 0;
		};
		F25940711C1F2AEB00AD4239 /* Frameworks */ = {
			isa = PBXFrameworksBuildPhase;
			buildActionMask = 2147483647;
			files = (
			);
			runOnlyForDeploymentPostprocessing = 0;
		};
/* End PBXFrameworksBuildPhase section */

/* Begin PBXGroup section */
		9208EC811E44B4C9002F72BE /* BarcodeReaderEAN-13 */ = {
			isa = PBXGroup;
			children = (
				9208EC851E44B4C9002F72BE /* Core */,
				9208EC891E44B4C9002F72BE /* Presentation */,
				9208EC8F1E44B4C9002F72BE /* Resources */,
				9208EC821E44B4C9002F72BE /* AppDelegate */,
				9208EC911E44B4C9002F72BE /* SupportingFiles */,
			);
			path = "BarcodeReaderEAN-13";
			sourceTree = "<group>";
		};
		9208EC821E44B4C9002F72BE /* AppDelegate */ = {
			isa = PBXGroup;
			children = (
				9208EC831E44B4C9002F72BE /* AppDelegate.h */,
				9208EC841E44B4C9002F72BE /* AppDelegate.m */,
			);
			path = AppDelegate;
			sourceTree = "<group>";
		};
		9208EC851E44B4C9002F72BE /* Core */ = {
			isa = PBXGroup;
			children = (
				9208EC861E44B4C9002F72BE /* BarcodeParserProtocol.h */,
				9208EC871E44B4C9002F72BE /* BarcodeParserEAN13.h */,
				9208EC881E44B4C9002F72BE /* BarcodeParserEAN13.m */,
			);
			path = Core;
			sourceTree = "<group>";
		};
		9208EC891E44B4C9002F72BE /* Presentation */ = {
			isa = PBXGroup;
			children = (
				9208EC8D1E44B4C9002F72BE /* BRViewController.h */,
				9208EC8E1E44B4C9002F72BE /* BRViewController.m */,
				9208EC8C1E44B4C9002F72BE /* BRViewController.xib */,
			);
			path = Presentation;
			sourceTree = "<group>";
		};
		9208EC8F1E44B4C9002F72BE /* Resources */ = {
			isa = PBXGroup;
			children = (
				9208ECFD1E4524AE002F72BE /* Examples */,
				9208EC901E44B4C9002F72BE /* Assets.xcassets */,
			);
			path = Resources;
			sourceTree = "<group>";
		};
		9208EC911E44B4C9002F72BE /* SupportingFiles */ = {
			isa = PBXGroup;
			children = (
				9208ED561E452510002F72BE /* LaunchScreen.storyboard */,
				9208EC921E44B4C9002F72BE /* Info.plist */,
				9208EC931E44B4C9002F72BE /* main.m */,
			);
			path = SupportingFiles;
			sourceTree = "<group>";
		};
		9208ECFD1E4524AE002F72BE /* Examples */ = {
			isa = PBXGroup;
			children = (
				9208ECFE1E4524AE002F72BE /* Perfect-Images */,
				9208ED0A1E4524AE002F72BE /* Real-Photos */,
			);
			path = Examples;
			sourceTree = "<group>";
		};
		9208ECFE1E4524AE002F72BE /* Perfect-Images */ = {
			isa = PBXGroup;
			children = (
				9208ECFF1E4524AE002F72BE /* example-1.JPG */,
				9208ED001E4524AE002F72BE /* example-10-gray.jpg */,
				9208ED011E4524AE002F72BE /* example-11-gray.jpg */,
				9208ED021E4524AE002F72BE /* example-2.JPG */,
				9208ED031E4524AE002F72BE /* example-3.bmp */,
				9208ED041E4524AE002F72BE /* example-4.bmp */,
				9208ED051E4524AE002F72BE /* example-5.bmp */,
				9208ED061E4524AE002F72BE /* example-6.gif */,
				9208ED071E4524AE002F72BE /* example-7.png */,
				9208ED081E4524AE002F72BE /* example-8.png */,
				9208ED091E4524AE002F72BE /* example-9-rotated.png */,
			);
			path = "Perfect-Images";
			sourceTree = "<group>";
		};
		9208ED0A1E4524AE002F72BE /* Real-Photos */ = {
			isa = PBXGroup;
			children = (
				9208ED0B1E4524AE002F72BE /* real-example-1.jpg */,
				9208ED0C1E4524AE002F72BE /* real-example-10(1).jpg */,
				9208ED0D1E4524AE002F72BE /* real-example-10.jpg */,
				9208ED0E1E4524AE002F72BE /* real-example-11.jpg */,
				9208ED0F1E4524AE002F72BE /* real-example-12.jpg */,
				9208ED101E4524AE002F72BE /* real-example-13.jpg */,
				9208ED111E4524AE002F72BE /* real-example-14.jpg */,
				9208ED121E4524AE002F72BE /* real-example-15.jpg */,
				9208ED131E4524AE002F72BE /* real-example-16(1).jpg */,
				9208ED141E4524AE002F72BE /* real-example-16(2).jpg */,
				9208ED151E4524AE002F72BE /* real-example-16.jpg */,
				9208ED161E4524AE002F72BE /* real-example-17.jpg */,
				9208ED171E4524AE002F72BE /* real-example-18.jpg */,
				9208ED181E4524AE002F72BE /* real-example-19.jpg */,
				9208ED191E4524AE002F72BE /* real-example-2.jpg */,
				9208ED1A1E4524AE002F72BE /* real-example-20.jpg */,
				9208ED1B1E4524AE002F72BE /* real-example-21.jpg */,
				9208ED1C1E4524AE002F72BE /* real-example-22.jpg */,
				9208ED1D1E4524AE002F72BE /* real-example-23.jpg */,
				9208ED1E1E4524AE002F72BE /* real-example-3.jpg */,
				9208ED1F1E4524AE002F72BE /* real-example-4.jpg */,
				9208ED201E4524AE002F72BE /* real-example-5.jpg */,
				9208ED211E4524AE002F72BE /* real-example-6.jpg */,
				9208ED221E4524AE002F72BE /* real-example-7(1).jpg */,
				9208ED231E4524AE002F72BE /* real-example-7(2).jpg */,
				9208ED241E4524AE002F72BE /* real-example-7(3).jpg */,
				9208ED251E4524AE002F72BE /* real-example-8.jpg */,
				9208ED261E4524AE002F72BE /* real-example-9.jpg */,
			);
			path = "Real-Photos";
			sourceTree = "<group>";
		};
		F25940441C1F2AEA00AD4239 = {
			isa = PBXGroup;
			children = (
				9208EC811E44B4C9002F72BE /* BarcodeReaderEAN-13 */,
				F259404E1C1F2AEA00AD4239 /* Products */,
			);
			sourceTree = "<group>";
		};
		F259404E1C1F2AEA00AD4239 /* Products */ = {
			isa = PBXGroup;
			children = (
				F259404D1C1F2AEA00AD4239 /* BarcodeReaderEAN-13.app */,
				F25940691C1F2AEB00AD4239 /* BarcodeReaderEAN-13Tests.xctest */,
				F25940741C1F2AEB00AD4239 /* BarcodeReaderEAN-13UITests.xctest */,
			);
			name = Products;
			sourceTree = "<group>";
		};
/* End PBXGroup section */

/* Begin PBXNativeTarget section */
		F259404C1C1F2AEA00AD4239 /* BarcodeReaderEAN-13 */ = {
			isa = PBXNativeTarget;
			buildConfigurationList = F259407D1C1F2AEB00AD4239 /* Build configuration list for PBXNativeTarget "BarcodeReaderEAN-13" */;
			buildPhases = (
				F25940491C1F2AEA00AD4239 /* Sources */,
				F259404A1C1F2AEA00AD4239 /* Frameworks */,
				F259404B1C1F2AEA00AD4239 /* Resources */,
			);
			buildRules = (
			);
			dependencies = (
			);
			name = "BarcodeReaderEAN-13";
			productName = "BarcodeReaderEAN-13";
			productReference = F259404D1C1F2AEA00AD4239 /* BarcodeReaderEAN-13.app */;
			productType = "com.apple.product-type.application";
		};
		F25940681C1F2AEB00AD4239 /* BarcodeReaderEAN-13Tests */ = {
			isa = PBXNativeTarget;
			buildConfigurationList = F25940801C1F2AEB00AD4239 /* Build configuration list for PBXNativeTarget "BarcodeReaderEAN-13Tests" */;
			buildPhases = (
				F25940651C1F2AEB00AD4239 /* Sources */,
				F25940661C1F2AEB00AD4239 /* Frameworks */,
				F25940671C1F2AEB00AD4239 /* Resources */,
			);
			buildRules = (
			);
			dependencies = (
				F259406B1C1F2AEB00AD4239 /* PBXTargetDependency */,
			);
			name = "BarcodeReaderEAN-13Tests";
			productName = "BarcodeReaderEAN-13Tests";
			productReference = F25940691C1F2AEB00AD4239 /* BarcodeReaderEAN-13Tests.xctest */;
			productType = "com.apple.product-type.bundle.unit-test";
		};
		F25940731C1F2AEB00AD4239 /* BarcodeReaderEAN-13UITests */ = {
			isa = PBXNativeTarget;
			buildConfigurationList = F25940831C1F2AEB00AD4239 /* Build configuration list for PBXNativeTarget "BarcodeReaderEAN-13UITests" */;
			buildPhases = (
				F25940701C1F2AEB00AD4239 /* Sources */,
				F25940711C1F2AEB00AD4239 /* Frameworks */,
				F25940721C1F2AEB00AD4239 /* Resources */,
			);
			buildRules = (
			);
			dependencies = (
				F25940761C1F2AEB00AD4239 /* PBXTargetDependency */,
			);
			name = "BarcodeReaderEAN-13UITests";
			productName = "BarcodeReaderEAN-13UITests";
			productReference = F25940741C1F2AEB00AD4239 /* BarcodeReaderEAN-13UITests.xctest */;
			productType = "com.apple.product-type.bundle.ui-testing";
		};
/* End PBXNativeTarget section */

/* Begin PBXProject section */
		F25940451C1F2AEA00AD4239 /* Project object */ = {
			isa = PBXProject;
			attributes = {
				LastUpgradeCheck = 0820;
				ORGANIZATIONNAME = "Viktoria Rudkovskaya";
				TargetAttributes = {
					F259404C1C1F2AEA00AD4239 = {
						CreatedOnToolsVersion = 7.1.1;
					};
					F25940681C1F2AEB00AD4239 = {
						CreatedOnToolsVersion = 7.1.1;
						TestTargetID = F259404C1C1F2AEA00AD4239;
					};
					F25940731C1F2AEB00AD4239 = {
						CreatedOnToolsVersion = 7.1.1;
						TestTargetID = F259404C1C1F2AEA00AD4239;
					};
				};
			};
			buildConfigurationList = F25940481C1F2AEA00AD4239 /* Build configuration list for PBXProject "BarcodeReaderEAN-13" */;
			compatibilityVersion = "Xcode 3.2";
			developmentRegion = English;
			hasScannedForEncodings = 0;
			knownRegions = (
				en,
				Base,
			);
			mainGroup = F25940441C1F2AEA00AD4239;
			productRefGroup = F259404E1C1F2AEA00AD4239 /* Products */;
			projectDirPath = "";
			projectRoot = "";
			targets = (
				F259404C1C1F2AEA00AD4239 /* BarcodeReaderEAN-13 */,
				F25940681C1F2AEB00AD4239 /* BarcodeReaderEAN-13Tests */,
				F25940731C1F2AEB00AD4239 /* BarcodeReaderEAN-13UITests */,
			);
		};
/* End PBXProject section */

/* Begin PBXResourcesBuildPhase section */
		F259404B1C1F2AEA00AD4239 /* Resources */ = {
			isa = PBXResourcesBuildPhase;
			buildActionMask = 2147483647;
			files = (
				9208ED471E4524AE002F72BE /* real-example-5.jpg in Resources */,
				9208ED411E4524AE002F72BE /* real-example-20.jpg in Resources */,
				9208ED3E1E4524AE002F72BE /* real-example-18.jpg in Resources */,
				9208ED381E4524AE002F72BE /* real-example-14.jpg in Resources */,
				9208ED441E4524AE002F72BE /* real-example-23.jpg in Resources */,
				9208ED3F1E4524AE002F72BE /* real-example-19.jpg in Resources */,
				9208ED311E4524AE002F72BE /* example-9-rotated.png in Resources */,
				9208ED2F1E4524AE002F72BE /* example-7.png in Resources */,
				9208ED331E4524AE002F72BE /* real-example-10(1).jpg in Resources */,
				9208ED371E4524AE002F72BE /* real-example-13.jpg in Resources */,
				9208ED4A1E4524AE002F72BE /* real-example-7(2).jpg in Resources */,
				9208ED291E4524AE002F72BE /* example-11-gray.jpg in Resources */,
				9208ED2A1E4524AE002F72BE /* example-2.JPG in Resources */,
				9208ED481E4524AE002F72BE /* real-example-6.jpg in Resources */,
				9208ED4C1E4524AE002F72BE /* real-example-8.jpg in Resources */,
				9208ED351E4524AE002F72BE /* real-example-11.jpg in Resources */,
				9208ED3B1E4524AE002F72BE /* real-example-16(2).jpg in Resources */,
				9208ED301E4524AE002F72BE /* example-8.png in Resources */,
				9208ED3C1E4524AE002F72BE /* real-example-16.jpg in Resources */,
				9208ED451E4524AE002F72BE /* real-example-3.jpg in Resources */,
				9208ED281E4524AE002F72BE /* example-10-gray.jpg in Resources */,
				9208ED431E4524AE002F72BE /* real-example-22.jpg in Resources */,
				9208EC971E44B4C9002F72BE /* BRViewController.xib in Resources */,
				9208ED3D1E4524AE002F72BE /* real-example-17.jpg in Resources */,
				9208ED421E4524AE002F72BE /* real-example-21.jpg in Resources */,
				9208ED4B1E4524AE002F72BE /* real-example-7(3).jpg in Resources */,
				9208ED341E4524AE002F72BE /* real-example-10.jpg in Resources */,
				9208ED2E1E4524AE002F72BE /* example-6.gif in Resources */,
				9208ED271E4524AE002F72BE /* example-1.JPG in Resources */,
				9208ED2C1E4524AE002F72BE /* example-4.bmp in Resources */,
				9208ED391E4524AE002F72BE /* real-example-15.jpg in Resources */,
				9208ED4D1E4524AE002F72BE /* real-example-9.jpg in Resources */,
				9208ED361E4524AE002F72BE /* real-example-12.jpg in Resources */,
				9208ED2B1E4524AE002F72BE /* example-3.bmp in Resources */,
				9208ED2D1E4524AE002F72BE /* example-5.bmp in Resources */,
				9208ED321E4524AE002F72BE /* real-example-1.jpg in Resources */,
				9208EC991E44B4C9002F72BE /* Assets.xcassets in Resources */,
				9208ED401E4524AE002F72BE /* real-example-2.jpg in Resources */,
				9208ED491E4524AE002F72BE /* real-example-7(1).jpg in Resources */,
				9208ED581E452510002F72BE /* LaunchScreen.storyboard in Resources */,
				9208ED461E4524AE002F72BE /* real-example-4.jpg in Resources */,
				9208ED3A1E4524AE002F72BE /* real-example-16(1).jpg in Resources */,
			);
			runOnlyForDeploymentPostprocessing = 0;
		};
		F25940671C1F2AEB00AD4239 /* Resources */ = {
			isa = PBXResourcesBuildPhase;
			buildActionMask = 2147483647;
			files = (
			);
			runOnlyForDeploymentPostprocessing = 0;
		};
		F25940721C1F2AEB00AD4239 /* Resources */ = {
			isa = PBXResourcesBuildPhase;
			buildActionMask = 2147483647;
			files = (
			);
			runOnlyForDeploymentPostprocessing = 0;
		};
/* End PBXResourcesBuildPhase section */

/* Begin PBXSourcesBuildPhase section */
		F25940491C1F2AEA00AD4239 /* Sources */ = {
			isa = PBXSourcesBuildPhase;
			buildActionMask = 2147483647;
			files = (
				9208EC981E44B4C9002F72BE /* BRViewController.m in Sources */,
				9208EC941E44B4C9002F72BE /* AppDelegate.m in Sources */,
				9208EC9B1E44B4C9002F72BE /* main.m in Sources */,
				9208EC951E44B4C9002F72BE /* BarcodeParserEAN13.m in Sources */,
			);
			runOnlyForDeploymentPostprocessing = 0;
		};
		F25940651C1F2AEB00AD4239 /* Sources */ = {
			isa = PBXSourcesBuildPhase;
			buildActionMask = 2147483647;
			files = (
			);
			runOnlyForDeploymentPostprocessing = 0;
		};
		F25940701C1F2AEB00AD4239 /* Sources */ = {
			isa = PBXSourcesBuildPhase;
			buildActionMask = 2147483647;
			files = (
			);
			runOnlyForDeploymentPostprocessing = 0;
		};
/* End PBXSourcesBuildPhase section */

/* Begin PBXTargetDependency section */
		F259406B1C1F2AEB00AD4239 /* PBXTargetDependency */ = {
			isa = PBXTargetDependency;
			target = F259404C1C1F2AEA00AD4239 /* BarcodeReaderEAN-13 */;
			targetProxy = F259406A1C1F2AEB00AD4239 /* PBXContainerItemProxy */;
		};
		F25940761C1F2AEB00AD4239 /* PBXTargetDependency */ = {
			isa = PBXTargetDependency;
			target = F259404C1C1F2AEA00AD4239 /* BarcodeReaderEAN-13 */;
			targetProxy = F25940751C1F2AEB00AD4239 /* PBXContainerItemProxy */;
		};
/* End PBXTargetDependency section */

/* Begin PBXVariantGroup section */
		9208ED561E452510002F72BE /* LaunchScreen.storyboard */ = {
			isa = PBXVariantGroup;
			children = (
				9208ED571E452510002F72BE /* Base */,
			);
			name = LaunchScreen.storyboard;
			sourceTree = "<group>";
		};
/* End PBXVariantGroup section */

/* Begin XCBuildConfiguration section */
		F259407B1C1F2AEB00AD4239 /* Debug */ = {
			isa = XCBuildConfiguration;
			buildSettings = {
				ALWAYS_SEARCH_USER_PATHS = NO;
				CLANG_CXX_LANGUAGE_STANDARD = "gnu++0x";
				CLANG_CXX_LIBRARY = "libc++";
				CLANG_ENABLE_MODULES = YES;
				CLANG_ENABLE_OBJC_ARC = YES;
				CLANG_WARN_BOOL_CONVERSION = YES;
				CLANG_WARN_CONSTANT_CONVERSION = YES;
				CLANG_WARN_DIRECT_OBJC_ISA_USAGE = YES_ERROR;
				CLANG_WARN_EMPTY_BODY = YES;
				CLANG_WARN_ENUM_CONVERSION = YES;
				CLANG_WARN_INFINITE_RECURSION = YES;
				CLANG_WARN_INT_CONVERSION = YES;
				CLANG_WARN_OBJC_ROOT_CLASS = YES_ERROR;
				CLANG_WARN_SUSPICIOUS_MOVE = YES;
				CLANG_WARN_UNREACHABLE_CODE = YES;
				CLANG_WARN__DUPLICATE_METHOD_MATCH = YES;
				"CODE_SIGN_IDENTITY[sdk=iphoneos*]" = "iPhone Developer";
				COPY_PHASE_STRIP = NO;
				DEBUG_INFORMATION_FORMAT = dwarf;
				ENABLE_STRICT_OBJC_MSGSEND = YES;
				ENABLE_TESTABILITY = YES;
				GCC_C_LANGUAGE_STANDARD = gnu99;
				GCC_DYNAMIC_NO_PIC = NO;
				GCC_NO_COMMON_BLOCKS = YES;
				GCC_OPTIMIZATION_LEVEL = 0;
				GCC_PREPROCESSOR_DEFINITIONS = (
					"DEBUG=1",
					"$(inherited)",
				);
				GCC_WARN_64_TO_32_BIT_CONVERSION = YES;
				GCC_WARN_ABOUT_RETURN_TYPE = YES_ERROR;
				GCC_WARN_UNDECLARED_SELECTOR = YES;
				GCC_WARN_UNINITIALIZED_AUTOS = YES_AGGRESSIVE;
				GCC_WARN_UNUSED_FUNCTION = YES;
				GCC_WARN_UNUSED_VARIABLE = YES;
				IPHONEOS_DEPLOYMENT_TARGET = 9.1;
				MTL_ENABLE_DEBUG_INFO = YES;
				ONLY_ACTIVE_ARCH = YES;
				PROVISIONING_PROFILE = "bf7c7f93-3181-4380-b59c-436a21186516";
				SDKROOT = iphoneos;
			};
			name = Debug;
		};
		F259407C1C1F2AEB00AD4239 /* Release */ = {
			isa = XCBuildConfiguration;
			buildSettings = {
				ALWAYS_SEARCH_USER_PATHS = NO;
				CLANG_CXX_LANGUAGE_STANDARD = "gnu++0x";
				CLANG_CXX_LIBRARY = "libc++";
				CLANG_ENABLE_MODULES = YES;
				CLANG_ENABLE_OBJC_ARC = YES;
				CLANG_WARN_BOOL_CONVERSION = YES;
				CLANG_WARN_CONSTANT_CONVERSION = YES;
				CLANG_WARN_DIRECT_OBJC_ISA_USAGE = YES_ERROR;
				CLANG_WARN_EMPTY_BODY = YES;
				CLANG_WARN_ENUM_CONVERSION = YES;
				CLANG_WARN_INFINITE_RECURSION = YES;
				CLANG_WARN_INT_CONVERSION = YES;
				CLANG_WARN_OBJC_ROOT_CLASS = YES_ERROR;
				CLANG_WARN_SUSPICIOUS_MOVE = YES;
				CLANG_WARN_UNREACHABLE_CODE = YES;
				CLANG_WARN__DUPLICATE_METHOD_MATCH = YES;
				"CODE_SIGN_IDENTITY[sdk=iphoneos*]" = "iPhone Developer";
				COPY_PHASE_STRIP = NO;
				DEBUG_INFORMATION_FORMAT = "dwarf-with-dsym";
				ENABLE_NS_ASSERTIONS = NO;
				ENABLE_STRICT_OBJC_MSGSEND = YES;
				GCC_C_LANGUAGE_STANDARD = gnu99;
				GCC_NO_COMMON_BLOCKS = YES;
				GCC_WARN_64_TO_32_BIT_CONVERSION = YES;
				GCC_WARN_ABOUT_RETURN_TYPE = YES_ERROR;
				GCC_WARN_UNDECLARED_SELECTOR = YES;
				GCC_WARN_UNINITIALIZED_AUTOS = YES_AGGRESSIVE;
				GCC_WARN_UNUSED_FUNCTION = YES;
				GCC_WARN_UNUSED_VARIABLE = YES;
				IPHONEOS_DEPLOYMENT_TARGET = 9.1;
				MTL_ENABLE_DEBUG_INFO = NO;
				PROVISIONING_PROFILE = "bf7c7f93-3181-4380-b59c-436a21186516";
				SDKROOT = iphoneos;
				VALIDATE_PRODUCT = YES;
			};
			name = Release;
		};
		F259407E1C1F2AEB00AD4239 /* Debug */ = {
			isa = XCBuildConfiguration;
			buildSettings = {
				ASSETCATALOG_COMPILER_APPICON_NAME = AppIcon;
				INFOPLIST_FILE = "$(SRCROOT)/BarcodeReaderEAN-13/SupportingFiles/Info.plist";
				IPHONEOS_DEPLOYMENT_TARGET = 8.0;
				LD_RUNPATH_SEARCH_PATHS = "$(inherited) @executable_path/Frameworks";
				PRODUCT_BUNDLE_IDENTIFIER = "tori.barcode-reader.barcode-reader-ean13";
				PRODUCT_NAME = "$(TARGET_NAME)";
				TARGETED_DEVICE_FAMILY = "1,2";
			};
			name = Debug;
		};
		F259407F1C1F2AEB00AD4239 /* Release */ = {
			isa = XCBuildConfiguration;
			buildSettings = {
				ASSETCATALOG_COMPILER_APPICON_NAME = AppIcon;
				INFOPLIST_FILE = "$(SRCROOT)/BarcodeReaderEAN-13/SupportingFiles/Info.plist";
				IPHONEOS_DEPLOYMENT_TARGET = 8.0;
				LD_RUNPATH_SEARCH_PATHS = "$(inherited) @executable_path/Frameworks";
				PRODUCT_BUNDLE_IDENTIFIER = "tori.barcode-reader.barcode-reader-ean13";
				PRODUCT_NAME = "$(TARGET_NAME)";
				TARGETED_DEVICE_FAMILY = "1,2";
			};
			name = Release;
		};
		F25940811C1F2AEB00AD4239 /* Debug */ = {
			isa = XCBuildConfiguration;
			buildSettings = {
				BUNDLE_LOADER = "$(TEST_HOST)";
				INFOPLIST_FILE = "BarcodeReaderEAN-13Tests/Info.plist";
				LD_RUNPATH_SEARCH_PATHS = "$(inherited) @executable_path/Frameworks @loader_path/Frameworks";
				PRODUCT_BUNDLE_IDENTIFIER = "Ru.Tan.BarcodeReaderEAN-13Tests";
				PRODUCT_NAME = "$(TARGET_NAME)";
				TEST_HOST = "$(BUILT_PRODUCTS_DIR)/BarcodeReaderEAN-13.app/BarcodeReaderEAN-13";
			};
			name = Debug;
		};
		F25940821C1F2AEB00AD4239 /* Release */ = {
			isa = XCBuildConfiguration;
			buildSettings = {
				BUNDLE_LOADER = "$(TEST_HOST)";
				INFOPLIST_FILE = "BarcodeReaderEAN-13Tests/Info.plist";
				LD_RUNPATH_SEARCH_PATHS = "$(inherited) @executable_path/Frameworks @loader_path/Frameworks";
				PRODUCT_BUNDLE_IDENTIFIER = "Ru.Tan.BarcodeReaderEAN-13Tests";
				PRODUCT_NAME = "$(TARGET_NAME)";
				TEST_HOST = "$(BUILT_PRODUCTS_DIR)/BarcodeReaderEAN-13.app/BarcodeReaderEAN-13";
			};
			name = Release;
		};
		F25940841C1F2AEB00AD4239 /* Debug */ = {
			isa = XCBuildConfiguration;
			buildSettings = {
				INFOPLIST_FILE = "BarcodeReaderEAN-13UITests/Info.plist";
				LD_RUNPATH_SEARCH_PATHS = "$(inherited) @executable_path/Frameworks @loader_path/Frameworks";
				PRODUCT_BUNDLE_IDENTIFIER = "Ru.Tan.BarcodeReaderEAN-13UITests";
				PRODUCT_NAME = "$(TARGET_NAME)";
				TEST_TARGET_NAME = "BarcodeReaderEAN-13";
				USES_XCTRUNNER = YES;
			};
			name = Debug;
		};
		F25940851C1F2AEB00AD4239 /* Release */ = {
			isa = XCBuildConfiguration;
			buildSettings = {
				INFOPLIST_FILE = "BarcodeReaderEAN-13UITests/Info.plist";
				LD_RUNPATH_SEARCH_PATHS = "$(inherited) @executable_path/Frameworks @loader_path/Frameworks";
				PRODUCT_BUNDLE_IDENTIFIER = "Ru.Tan.BarcodeReaderEAN-13UITests";
				PRODUCT_NAME = "$(TARGET_NAME)";
				TEST_TARGET_NAME = "BarcodeReaderEAN-13";
				USES_XCTRUNNER = YES;
			};
			name = Release;
		};
/* End XCBuildConfiguration section */

/* Begin XCConfigurationList section */
		F25940481C1F2AEA00AD4239 /* Build configuration list for PBXProject "BarcodeReaderEAN-13" */ = {
			isa = XCConfigurationList;
			buildConfigurations = (
				F259407B1C1F2AEB00AD4239 /* Debug */,
				F259407C1C1F2AEB00AD4239 /* Release */,
			);
			defaultConfigurationIsVisible = 0;
			defaultConfigurationName = Release;
		};
		F259407D1C1F2AEB00AD4239 /* Build configuration list for PBXNativeTarget "BarcodeReaderEAN-13" */ = {
			isa = XCConfigurationList;
			buildConfigurations = (
				F259407E1C1F2AEB00AD4239 /* Debug */,
				F259407F1C1F2AEB00AD4239 /* Release */,
			);
			defaultConfigurationIsVisible = 0;
			defaultConfigurationName = Release;
		};
		F25940801C1F2AEB00AD4239 /* Build configuration list for PBXNativeTarget "BarcodeReaderEAN-13Tests" */ = {
			isa = XCConfigurationList;
			buildConfigurations = (
				F25940811C1F2AEB00AD4239 /* Debug */,
				F25940821C1F2AEB00AD4239 /* Release */,
			);
			defaultConfigurationIsVisible = 0;
			defaultConfigurationName = Release;
		};
		F25940831C1F2AEB00AD4239 /* Build configuration list for PBXNativeTarget "BarcodeReaderEAN-13UITests" */ = {
			isa = XCConfigurationList;
			buildConfigurations = (
				F25940841C1F2AEB00AD4239 /* Debug */,
				F25940851C1F2AEB00AD4239 /* Release */,
			);
			defaultConfigurationIsVisible = 0;
			defaultConfigurationName = Release;
		};
/* End XCConfigurationList section */
	};
	rootObject = F25940451C1F2AEA00AD4239 /* Project object */;
}
