// !$*UTF8*$!
{
	archiveVersion = 1;
	classes = {
	};
	objectVersion = 46;
	objects = {

/* Begin PBXBuildFile section */
		9208EC951E44B4C9002F72BE /* EAN13Parser.m in Sources */ = {isa = PBXBuildFile; fileRef = 9208EC881E44B4C9002F72BE /* EAN13Parser.m */; };
		9208EC971E44B4C9002F72BE /* AnalyzeImageViewController.xib in Resources */ = {isa = PBXBuildFile; fileRef = 9208EC8C1E44B4C9002F72BE /* AnalyzeImageViewController.xib */; };
		9208EC981E44B4C9002F72BE /* AnalyzeImageViewController.m in Sources */ = {isa = PBXBuildFile; fileRef = 9208EC8E1E44B4C9002F72BE /* AnalyzeImageViewController.m */; };
		F24525352180939A00FF9DDA /* main.m in Sources */ = {isa = PBXBuildFile; fileRef = F24525072180939A00FF9DDA /* main.m */; };
		F24525362180939A00FF9DDA /* AppDelegate.m in Sources */ = {isa = PBXBuildFile; fileRef = F245250A2180939A00FF9DDA /* AppDelegate.m */; };
		F2BB839821810822005C9292 /* LaunchScreen.xib in Resources */ = {isa = PBXBuildFile; fileRef = F2BB836C21810822005C9292 /* LaunchScreen.xib */; };
		F2BB839921810822005C9292 /* Assets.xcassets in Resources */ = {isa = PBXBuildFile; fileRef = F2BB836D21810822005C9292 /* Assets.xcassets */; };
		F2BB839A21810822005C9292 /* real-example-10(1).jpg in Resources */ = {isa = PBXBuildFile; fileRef = F2BB837021810822005C9292 /* real-example-10(1).jpg */; };
		F2BB839B21810822005C9292 /* real-example-16.jpg in Resources */ = {isa = PBXBuildFile; fileRef = F2BB837121810822005C9292 /* real-example-16.jpg */; };
		F2BB839C21810822005C9292 /* real-example-6.jpg in Resources */ = {isa = PBXBuildFile; fileRef = F2BB837221810822005C9292 /* real-example-6.jpg */; };
		F2BB839D21810822005C9292 /* real-example-17.jpg in Resources */ = {isa = PBXBuildFile; fileRef = F2BB837321810822005C9292 /* real-example-17.jpg */; };
		F2BB839E21810822005C9292 /* real-example-15.jpg in Resources */ = {isa = PBXBuildFile; fileRef = F2BB837421810822005C9292 /* real-example-15.jpg */; };
		F2BB839F21810822005C9292 /* real-example-4.jpg in Resources */ = {isa = PBXBuildFile; fileRef = F2BB837521810822005C9292 /* real-example-4.jpg */; };
		F2BB83A021810822005C9292 /* real-example-5.jpg in Resources */ = {isa = PBXBuildFile; fileRef = F2BB837621810822005C9292 /* real-example-5.jpg */; };
		F2BB83A121810822005C9292 /* real-example-14.jpg in Resources */ = {isa = PBXBuildFile; fileRef = F2BB837721810822005C9292 /* real-example-14.jpg */; };
		F2BB83A221810822005C9292 /* real-example-10.jpg in Resources */ = {isa = PBXBuildFile; fileRef = F2BB837821810822005C9292 /* real-example-10.jpg */; };
		F2BB83A321810822005C9292 /* real-example-1.jpg in Resources */ = {isa = PBXBuildFile; fileRef = F2BB837921810822005C9292 /* real-example-1.jpg */; };
		F2BB83A421810822005C9292 /* real-example-11.jpg in Resources */ = {isa = PBXBuildFile; fileRef = F2BB837A21810822005C9292 /* real-example-11.jpg */; };
		F2BB83A521810822005C9292 /* real-example-13.jpg in Resources */ = {isa = PBXBuildFile; fileRef = F2BB837B21810822005C9292 /* real-example-13.jpg */; };
		F2BB83A621810822005C9292 /* real-example-2.jpg in Resources */ = {isa = PBXBuildFile; fileRef = F2BB837C21810822005C9292 /* real-example-2.jpg */; };
		F2BB83A721810822005C9292 /* real-example-3.jpg in Resources */ = {isa = PBXBuildFile; fileRef = F2BB837D21810822005C9292 /* real-example-3.jpg */; };
		F2BB83A821810822005C9292 /* real-example-12.jpg in Resources */ = {isa = PBXBuildFile; fileRef = F2BB837E21810822005C9292 /* real-example-12.jpg */; };
		F2BB83A921810822005C9292 /* real-example-16(1).jpg in Resources */ = {isa = PBXBuildFile; fileRef = F2BB837F21810822005C9292 /* real-example-16(1).jpg */; };
		F2BB83AA21810822005C9292 /* real-example-7(1).jpg in Resources */ = {isa = PBXBuildFile; fileRef = F2BB838021810822005C9292 /* real-example-7(1).jpg */; };
		F2BB83AB21810822005C9292 /* real-example-7(2).jpg in Resources */ = {isa = PBXBuildFile; fileRef = F2BB838121810822005C9292 /* real-example-7(2).jpg */; };
		F2BB83AC21810822005C9292 /* real-example-16(2).jpg in Resources */ = {isa = PBXBuildFile; fileRef = F2BB838221810822005C9292 /* real-example-16(2).jpg */; };
		F2BB83AD21810822005C9292 /* real-example-7(3).jpg in Resources */ = {isa = PBXBuildFile; fileRef = F2BB838321810822005C9292 /* real-example-7(3).jpg */; };
		F2BB83AE21810822005C9292 /* real-example-23.jpg in Resources */ = {isa = PBXBuildFile; fileRef = F2BB838421810822005C9292 /* real-example-23.jpg */; };
		F2BB83AF21810822005C9292 /* real-example-22.jpg in Resources */ = {isa = PBXBuildFile; fileRef = F2BB838521810822005C9292 /* real-example-22.jpg */; };
		F2BB83B021810822005C9292 /* real-example-20.jpg in Resources */ = {isa = PBXBuildFile; fileRef = F2BB838621810822005C9292 /* real-example-20.jpg */; };
		F2BB83B121810822005C9292 /* real-example-21.jpg in Resources */ = {isa = PBXBuildFile; fileRef = F2BB838721810822005C9292 /* real-example-21.jpg */; };
		F2BB83B221810822005C9292 /* real-example-19.jpg in Resources */ = {isa = PBXBuildFile; fileRef = F2BB838821810822005C9292 /* real-example-19.jpg */; };
		F2BB83B321810822005C9292 /* real-example-8.jpg in Resources */ = {isa = PBXBuildFile; fileRef = F2BB838921810822005C9292 /* real-example-8.jpg */; };
		F2BB83B421810822005C9292 /* real-example-9.jpg in Resources */ = {isa = PBXBuildFile; fileRef = F2BB838A21810822005C9292 /* real-example-9.jpg */; };
		F2BB83B521810822005C9292 /* real-example-18.jpg in Resources */ = {isa = PBXBuildFile; fileRef = F2BB838B21810822005C9292 /* real-example-18.jpg */; };
		F2BB83B621810822005C9292 /* example-8.png in Resources */ = {isa = PBXBuildFile; fileRef = F2BB838D21810822005C9292 /* example-8.png */; };
		F2BB83B721810822005C9292 /* example-10-gray.jpg in Resources */ = {isa = PBXBuildFile; fileRef = F2BB838E21810822005C9292 /* example-10-gray.jpg */; };
		F2BB83B821810822005C9292 /* example-11-gray.jpg in Resources */ = {isa = PBXBuildFile; fileRef = F2BB838F21810822005C9292 /* example-11-gray.jpg */; };
		F2BB83B921810822005C9292 /* example-6.gif in Resources */ = {isa = PBXBuildFile; fileRef = F2BB839021810822005C9292 /* example-6.gif */; };
		F2BB83BA21810822005C9292 /* example-3.bmp in Resources */ = {isa = PBXBuildFile; fileRef = F2BB839121810822005C9292 /* example-3.bmp */; };
		F2BB83BB21810822005C9292 /* example-9-rotated.png in Resources */ = {isa = PBXBuildFile; fileRef = F2BB839221810822005C9292 /* example-9-rotated.png */; };
		F2BB83BC21810822005C9292 /* example-5.bmp in Resources */ = {isa = PBXBuildFile; fileRef = F2BB839321810822005C9292 /* example-5.bmp */; };
		F2BB83BD21810822005C9292 /* example-4.bmp in Resources */ = {isa = PBXBuildFile; fileRef = F2BB839421810822005C9292 /* example-4.bmp */; };
		F2BB83BE21810822005C9292 /* example-7.png in Resources */ = {isa = PBXBuildFile; fileRef = F2BB839521810822005C9292 /* example-7.png */; };
		F2BB83BF21810822005C9292 /* example-1.JPG in Resources */ = {isa = PBXBuildFile; fileRef = F2BB839621810822005C9292 /* example-1.JPG */; };
		F2BB83C021810822005C9292 /* example-2.JPG in Resources */ = {isa = PBXBuildFile; fileRef = F2BB839721810822005C9292 /* example-2.JPG */; };
/* End PBXBuildFile section */

/* Begin PBXFileReference section */
		9208EC871E44B4C9002F72BE /* EAN13Parser.h */ = {isa = PBXFileReference; fileEncoding = 4; lastKnownFileType = sourcecode.c.h; path = EAN13Parser.h; sourceTree = "<group>"; };
		9208EC881E44B4C9002F72BE /* EAN13Parser.m */ = {isa = PBXFileReference; fileEncoding = 4; lastKnownFileType = sourcecode.c.objc; path = EAN13Parser.m; sourceTree = "<group>"; };
		9208EC8C1E44B4C9002F72BE /* AnalyzeImageViewController.xib */ = {isa = PBXFileReference; fileEncoding = 4; lastKnownFileType = file.xib; path = AnalyzeImageViewController.xib; sourceTree = "<group>"; };
		9208EC8D1E44B4C9002F72BE /* AnalyzeImageViewController.h */ = {isa = PBXFileReference; fileEncoding = 4; lastKnownFileType = sourcecode.c.h; path = AnalyzeImageViewController.h; sourceTree = "<group>"; };
		9208EC8E1E44B4C9002F72BE /* AnalyzeImageViewController.m */ = {isa = PBXFileReference; fileEncoding = 4; lastKnownFileType = sourcecode.c.objc; path = AnalyzeImageViewController.m; sourceTree = "<group>"; };
		F24525072180939A00FF9DDA /* main.m */ = {isa = PBXFileReference; fileEncoding = 4; lastKnownFileType = sourcecode.c.objc; path = main.m; sourceTree = "<group>"; };
		F24525092180939A00FF9DDA /* AppDelegate.h */ = {isa = PBXFileReference; fileEncoding = 4; lastKnownFileType = sourcecode.c.h; path = AppDelegate.h; sourceTree = "<group>"; };
		F245250A2180939A00FF9DDA /* AppDelegate.m */ = {isa = PBXFileReference; fileEncoding = 4; lastKnownFileType = sourcecode.c.objc; path = AppDelegate.m; sourceTree = "<group>"; };
		F245250B2180939A00FF9DDA /* Info.plist */ = {isa = PBXFileReference; fileEncoding = 4; lastKnownFileType = text.plist.xml; path = Info.plist; sourceTree = "<group>"; };
		F259404D1C1F2AEA00AD4239 /* BarcodeReaderEAN-13.app */ = {isa = PBXFileReference; explicitFileType = wrapper.application; includeInIndex = 0; path = "BarcodeReaderEAN-13.app"; sourceTree = BUILT_PRODUCTS_DIR; };
		F2BB836C21810822005C9292 /* LaunchScreen.xib */ = {isa = PBXFileReference; fileEncoding = 4; lastKnownFileType = file.xib; path = LaunchScreen.xib; sourceTree = "<group>"; };
		F2BB836D21810822005C9292 /* Assets.xcassets */ = {isa = PBXFileReference; lastKnownFileType = folder.assetcatalog; path = Assets.xcassets; sourceTree = "<group>"; };
		F2BB837021810822005C9292 /* real-example-10(1).jpg */ = {isa = PBXFileReference; lastKnownFileType = image.jpeg; path = "real-example-10(1).jpg"; sourceTree = "<group>"; };
		F2BB837121810822005C9292 /* real-example-16.jpg */ = {isa = PBXFileReference; lastKnownFileType = image.jpeg; path = "real-example-16.jpg"; sourceTree = "<group>"; };
		F2BB837221810822005C9292 /* real-example-6.jpg */ = {isa = PBXFileReference; lastKnownFileType = image.jpeg; path = "real-example-6.jpg"; sourceTree = "<group>"; };
		F2BB837321810822005C9292 /* real-example-17.jpg */ = {isa = PBXFileReference; lastKnownFileType = image.jpeg; path = "real-example-17.jpg"; sourceTree = "<group>"; };
		F2BB837421810822005C9292 /* real-example-15.jpg */ = {isa = PBXFileReference; lastKnownFileType = image.jpeg; path = "real-example-15.jpg"; sourceTree = "<group>"; };
		F2BB837521810822005C9292 /* real-example-4.jpg */ = {isa = PBXFileReference; lastKnownFileType = image.jpeg; path = "real-example-4.jpg"; sourceTree = "<group>"; };
		F2BB837621810822005C9292 /* real-example-5.jpg */ = {isa = PBXFileReference; lastKnownFileType = image.jpeg; path = "real-example-5.jpg"; sourceTree = "<group>"; };
		F2BB837721810822005C9292 /* real-example-14.jpg */ = {isa = PBXFileReference; lastKnownFileType = image.jpeg; path = "real-example-14.jpg"; sourceTree = "<group>"; };
		F2BB837821810822005C9292 /* real-example-10.jpg */ = {isa = PBXFileReference; lastKnownFileType = image.jpeg; path = "real-example-10.jpg"; sourceTree = "<group>"; };
		F2BB837921810822005C9292 /* real-example-1.jpg */ = {isa = PBXFileReference; lastKnownFileType = image.jpeg; path = "real-example-1.jpg"; sourceTree = "<group>"; };
		F2BB837A21810822005C9292 /* real-example-11.jpg */ = {isa = PBXFileReference; lastKnownFileType = image.jpeg; path = "real-example-11.jpg"; sourceTree = "<group>"; };
		F2BB837B21810822005C9292 /* real-example-13.jpg */ = {isa = PBXFileReference; lastKnownFileType = image.jpeg; path = "real-example-13.jpg"; sourceTree = "<group>"; };
		F2BB837C21810822005C9292 /* real-example-2.jpg */ = {isa = PBXFileReference; lastKnownFileType = image.jpeg; path = "real-example-2.jpg"; sourceTree = "<group>"; };
		F2BB837D21810822005C9292 /* real-example-3.jpg */ = {isa = PBXFileReference; lastKnownFileType = image.jpeg; path = "real-example-3.jpg"; sourceTree = "<group>"; };
		F2BB837E21810822005C9292 /* real-example-12.jpg */ = {isa = PBXFileReference; lastKnownFileType = image.jpeg; path = "real-example-12.jpg"; sourceTree = "<group>"; };
		F2BB837F21810822005C9292 /* real-example-16(1).jpg */ = {isa = PBXFileReference; lastKnownFileType = image.jpeg; path = "real-example-16(1).jpg"; sourceTree = "<group>"; };
		F2BB838021810822005C9292 /* real-example-7(1).jpg */ = {isa = PBXFileReference; lastKnownFileType = image.jpeg; path = "real-example-7(1).jpg"; sourceTree = "<group>"; };
		F2BB838121810822005C9292 /* real-example-7(2).jpg */ = {isa = PBXFileReference; lastKnownFileType = image.jpeg; path = "real-example-7(2).jpg"; sourceTree = "<group>"; };
		F2BB838221810822005C9292 /* real-example-16(2).jpg */ = {isa = PBXFileReference; lastKnownFileType = image.jpeg; path = "real-example-16(2).jpg"; sourceTree = "<group>"; };
		F2BB838321810822005C9292 /* real-example-7(3).jpg */ = {isa = PBXFileReference; lastKnownFileType = image.jpeg; path = "real-example-7(3).jpg"; sourceTree = "<group>"; };
		F2BB838421810822005C9292 /* real-example-23.jpg */ = {isa = PBXFileReference; lastKnownFileType = image.jpeg; path = "real-example-23.jpg"; sourceTree = "<group>"; };
		F2BB838521810822005C9292 /* real-example-22.jpg */ = {isa = PBXFileReference; lastKnownFileType = image.jpeg; path = "real-example-22.jpg"; sourceTree = "<group>"; };
		F2BB838621810822005C9292 /* real-example-20.jpg */ = {isa = PBXFileReference; lastKnownFileType = image.jpeg; path = "real-example-20.jpg"; sourceTree = "<group>"; };
		F2BB838721810822005C9292 /* real-example-21.jpg */ = {isa = PBXFileReference; lastKnownFileType = image.jpeg; path = "real-example-21.jpg"; sourceTree = "<group>"; };
		F2BB838821810822005C9292 /* real-example-19.jpg */ = {isa = PBXFileReference; lastKnownFileType = image.jpeg; path = "real-example-19.jpg"; sourceTree = "<group>"; };
		F2BB838921810822005C9292 /* real-example-8.jpg */ = {isa = PBXFileReference; lastKnownFileType = image.jpeg; path = "real-example-8.jpg"; sourceTree = "<group>"; };
		F2BB838A21810822005C9292 /* real-example-9.jpg */ = {isa = PBXFileReference; lastKnownFileType = image.jpeg; path = "real-example-9.jpg"; sourceTree = "<group>"; };
		F2BB838B21810822005C9292 /* real-example-18.jpg */ = {isa = PBXFileReference; lastKnownFileType = image.jpeg; path = "real-example-18.jpg"; sourceTree = "<group>"; };
		F2BB838D21810822005C9292 /* example-8.png */ = {isa = PBXFileReference; lastKnownFileType = image.png; path = "example-8.png"; sourceTree = "<group>"; };
		F2BB838E21810822005C9292 /* example-10-gray.jpg */ = {isa = PBXFileReference; lastKnownFileType = image.jpeg; path = "example-10-gray.jpg"; sourceTree = "<group>"; };
		F2BB838F21810822005C9292 /* example-11-gray.jpg */ = {isa = PBXFileReference; lastKnownFileType = image.jpeg; path = "example-11-gray.jpg"; sourceTree = "<group>"; };
		F2BB839021810822005C9292 /* example-6.gif */ = {isa = PBXFileReference; lastKnownFileType = image.gif; path = "example-6.gif"; sourceTree = "<group>"; };
		F2BB839121810822005C9292 /* example-3.bmp */ = {isa = PBXFileReference; lastKnownFileType = image.bmp; path = "example-3.bmp"; sourceTree = "<group>"; };
		F2BB839221810822005C9292 /* example-9-rotated.png */ = {isa = PBXFileReference; lastKnownFileType = image.png; path = "example-9-rotated.png"; sourceTree = "<group>"; };
		F2BB839321810822005C9292 /* example-5.bmp */ = {isa = PBXFileReference; lastKnownFileType = image.bmp; path = "example-5.bmp"; sourceTree = "<group>"; };
		F2BB839421810822005C9292 /* example-4.bmp */ = {isa = PBXFileReference; lastKnownFileType = image.bmp; path = "example-4.bmp"; sourceTree = "<group>"; };
		F2BB839521810822005C9292 /* example-7.png */ = {isa = PBXFileReference; lastKnownFileType = image.png; path = "example-7.png"; sourceTree = "<group>"; };
		F2BB839621810822005C9292 /* example-1.JPG */ = {isa = PBXFileReference; lastKnownFileType = image.jpeg; path = "example-1.JPG"; sourceTree = "<group>"; };
		F2BB839721810822005C9292 /* example-2.JPG */ = {isa = PBXFileReference; lastKnownFileType = image.jpeg; path = "example-2.JPG"; sourceTree = "<group>"; };
/* End PBXFileReference section */

/* Begin PBXFrameworksBuildPhase section */
		F259404A1C1F2AEA00AD4239 /* Frameworks */ = {
			isa = PBXFrameworksBuildPhase;
			buildActionMask = 2147483647;
			files = (
			);
			runOnlyForDeploymentPostprocessing = 0;
		};
/* End PBXFrameworksBuildPhase section */

/* Begin PBXGroup section */
		9208EC811E44B4C9002F72BE /* BarcodeReaderEAN-13 */ = {
			isa = PBXGroup;
			children = (
				9208EC851E44B4C9002F72BE /* Core */,
				9208EC891E44B4C9002F72BE /* Presentation */,
				F2BB836B21810822005C9292 /* Resources */,
				F24524D82180939A00FF9DDA /* SupportingFiles */,
			);
			path = "BarcodeReaderEAN-13";
			sourceTree = "<group>";
		};
		9208EC851E44B4C9002F72BE /* Core */ = {
			isa = PBXGroup;
			children = (
				9208EC871E44B4C9002F72BE /* EAN13Parser.h */,
				9208EC881E44B4C9002F72BE /* EAN13Parser.m */,
			);
			path = Core;
			sourceTree = "<group>";
		};
		9208EC891E44B4C9002F72BE /* Presentation */ = {
			isa = PBXGroup;
			children = (
				9208EC8D1E44B4C9002F72BE /* AnalyzeImageViewController.h */,
				9208EC8E1E44B4C9002F72BE /* AnalyzeImageViewController.m */,
				9208EC8C1E44B4C9002F72BE /* AnalyzeImageViewController.xib */,
			);
			path = Presentation;
			sourceTree = "<group>";
		};
		F24524D82180939A00FF9DDA /* SupportingFiles */ = {
			isa = PBXGroup;
			children = (
				F24525082180939A00FF9DDA /* AppDelegate */,
				F24525072180939A00FF9DDA /* main.m */,
				F245250B2180939A00FF9DDA /* Info.plist */,
			);
			path = SupportingFiles;
			sourceTree = "<group>";
		};
		F24525082180939A00FF9DDA /* AppDelegate */ = {
			isa = PBXGroup;
			children = (
				F24525092180939A00FF9DDA /* AppDelegate.h */,
				F245250A2180939A00FF9DDA /* AppDelegate.m */,
			);
			path = AppDelegate;
			sourceTree = "<group>";
		};
		F25940441C1F2AEA00AD4239 = {
			isa = PBXGroup;
			children = (
				9208EC811E44B4C9002F72BE /* BarcodeReaderEAN-13 */,
				F259404E1C1F2AEA00AD4239 /* Products */,
			);
			sourceTree = "<group>";
		};
		F259404E1C1F2AEA00AD4239 /* Products */ = {
			isa = PBXGroup;
			children = (
				F259404D1C1F2AEA00AD4239 /* BarcodeReaderEAN-13.app */,
			);
			name = Products;
			sourceTree = "<group>";
		};
		F2BB836B21810822005C9292 /* Resources */ = {
			isa = PBXGroup;
			children = (
				F2BB836C21810822005C9292 /* LaunchScreen.xib */,
				F2BB836D21810822005C9292 /* Assets.xcassets */,
				F2BB836E21810822005C9292 /* Examples */,
			);
			path = Resources;
			sourceTree = "<group>";
		};
		F2BB836E21810822005C9292 /* Examples */ = {
			isa = PBXGroup;
			children = (
				F2BB836F21810822005C9292 /* Real-Photos */,
				F2BB838C21810822005C9292 /* Perfect-Images */,
			);
			path = Examples;
			sourceTree = "<group>";
		};
		F2BB836F21810822005C9292 /* Real-Photos */ = {
			isa = PBXGroup;
			children = (
				F2BB837021810822005C9292 /* real-example-10(1).jpg */,
				F2BB837121810822005C9292 /* real-example-16.jpg */,
				F2BB837221810822005C9292 /* real-example-6.jpg */,
				F2BB837321810822005C9292 /* real-example-17.jpg */,
				F2BB837421810822005C9292 /* real-example-15.jpg */,
				F2BB837521810822005C9292 /* real-example-4.jpg */,
				F2BB837621810822005C9292 /* real-example-5.jpg */,
				F2BB837721810822005C9292 /* real-example-14.jpg */,
				F2BB837821810822005C9292 /* real-example-10.jpg */,
				F2BB837921810822005C9292 /* real-example-1.jpg */,
				F2BB837A21810822005C9292 /* real-example-11.jpg */,
				F2BB837B21810822005C9292 /* real-example-13.jpg */,
				F2BB837C21810822005C9292 /* real-example-2.jpg */,
				F2BB837D21810822005C9292 /* real-example-3.jpg */,
				F2BB837E21810822005C9292 /* real-example-12.jpg */,
				F2BB837F21810822005C9292 /* real-example-16(1).jpg */,
				F2BB838021810822005C9292 /* real-example-7(1).jpg */,
				F2BB838121810822005C9292 /* real-example-7(2).jpg */,
				F2BB838221810822005C9292 /* real-example-16(2).jpg */,
				F2BB838321810822005C9292 /* real-example-7(3).jpg */,
				F2BB838421810822005C9292 /* real-example-23.jpg */,
				F2BB838521810822005C9292 /* real-example-22.jpg */,
				F2BB838621810822005C9292 /* real-example-20.jpg */,
				F2BB838721810822005C9292 /* real-example-21.jpg */,
				F2BB838821810822005C9292 /* real-example-19.jpg */,
				F2BB838921810822005C9292 /* real-example-8.jpg */,
				F2BB838A21810822005C9292 /* real-example-9.jpg */,
				F2BB838B21810822005C9292 /* real-example-18.jpg */,
			);
			path = "Real-Photos";
			sourceTree = "<group>";
		};
		F2BB838C21810822005C9292 /* Perfect-Images */ = {
			isa = PBXGroup;
			children = (
				F2BB838D21810822005C9292 /* example-8.png */,
				F2BB838E21810822005C9292 /* example-10-gray.jpg */,
				F2BB838F21810822005C9292 /* example-11-gray.jpg */,
				F2BB839021810822005C9292 /* example-6.gif */,
				F2BB839121810822005C9292 /* example-3.bmp */,
				F2BB839221810822005C9292 /* example-9-rotated.png */,
				F2BB839321810822005C9292 /* example-5.bmp */,
				F2BB839421810822005C9292 /* example-4.bmp */,
				F2BB839521810822005C9292 /* example-7.png */,
				F2BB839621810822005C9292 /* example-1.JPG */,
				F2BB839721810822005C9292 /* example-2.JPG */,
			);
			path = "Perfect-Images";
			sourceTree = "<group>";
		};
/* End PBXGroup section */

/* Begin PBXNativeTarget section */
		F259404C1C1F2AEA00AD4239 /* BarcodeReaderEAN-13 */ = {
			isa = PBXNativeTarget;
			buildConfigurationList = F259407D1C1F2AEB00AD4239 /* Build configuration list for PBXNativeTarget "BarcodeReaderEAN-13" */;
			buildPhases = (
				F25940491C1F2AEA00AD4239 /* Sources */,
				F259404A1C1F2AEA00AD4239 /* Frameworks */,
				F259404B1C1F2AEA00AD4239 /* Resources */,
			);
			buildRules = (
			);
			dependencies = (
			);
			name = "BarcodeReaderEAN-13";
			productName = "BarcodeReaderEAN-13";
			productReference = F259404D1C1F2AEA00AD4239 /* BarcodeReaderEAN-13.app */;
			productType = "com.apple.product-type.application";
		};
/* End PBXNativeTarget section */

/* Begin PBXProject section */
		F25940451C1F2AEA00AD4239 /* Project object */ = {
			isa = PBXProject;
			attributes = {
				LastUpgradeCheck = 1000;
				ORGANIZATIONNAME = "Viktoria Rudkovskaya";
				TargetAttributes = {
					F259404C1C1F2AEA00AD4239 = {
						CreatedOnToolsVersion = 7.1.1;
					};
				};
			};
			buildConfigurationList = F25940481C1F2AEA00AD4239 /* Build configuration list for PBXProject "BarcodeReaderEAN-13" */;
			compatibilityVersion = "Xcode 3.2";
			developmentRegion = English;
			hasScannedForEncodings = 0;
			knownRegions = (
				en,
				Base,
			);
			mainGroup = F25940441C1F2AEA00AD4239;
			productRefGroup = F259404E1C1F2AEA00AD4239 /* Products */;
			projectDirPath = "";
			projectRoot = "";
			targets = (
				F259404C1C1F2AEA00AD4239 /* BarcodeReaderEAN-13 */,
			);
		};
/* End PBXProject section */

/* Begin PBXResourcesBuildPhase section */
		F259404B1C1F2AEA00AD4239 /* Resources */ = {
			isa = PBXResourcesBuildPhase;
			buildActionMask = 2147483647;
			files = (
				F2BB839821810822005C9292 /* LaunchScreen.xib in Resources */,
				F2BB839F21810822005C9292 /* real-example-4.jpg in Resources */,
				F2BB83BF21810822005C9292 /* example-1.JPG in Resources */,
				F2BB83BC21810822005C9292 /* example-5.bmp in Resources */,
				F2BB83BD21810822005C9292 /* example-4.bmp in Resources */,
				F2BB83BB21810822005C9292 /* example-9-rotated.png in Resources */,
				F2BB83B921810822005C9292 /* example-6.gif in Resources */,
				F2BB83B221810822005C9292 /* real-example-19.jpg in Resources */,
				F2BB839B21810822005C9292 /* real-example-16.jpg in Resources */,
				F2BB83C021810822005C9292 /* example-2.JPG in Resources */,
				F2BB83B121810822005C9292 /* real-example-21.jpg in Resources */,
				F2BB83AF21810822005C9292 /* real-example-22.jpg in Resources */,
				F2BB839E21810822005C9292 /* real-example-15.jpg in Resources */,
				F2BB839921810822005C9292 /* Assets.xcassets in Resources */,
				F2BB83B421810822005C9292 /* real-example-9.jpg in Resources */,
				F2BB839A21810822005C9292 /* real-example-10(1).jpg in Resources */,
				F2BB83B721810822005C9292 /* example-10-gray.jpg in Resources */,
				F2BB83A121810822005C9292 /* real-example-14.jpg in Resources */,
				F2BB83BE21810822005C9292 /* example-7.png in Resources */,
				F2BB839D21810822005C9292 /* real-example-17.jpg in Resources */,
				F2BB83A921810822005C9292 /* real-example-16(1).jpg in Resources */,
				F2BB83AE21810822005C9292 /* real-example-23.jpg in Resources */,
				F2BB83B321810822005C9292 /* real-example-8.jpg in Resources */,
				F2BB83A321810822005C9292 /* real-example-1.jpg in Resources */,
				F2BB83A821810822005C9292 /* real-example-12.jpg in Resources */,
				F2BB83B621810822005C9292 /* example-8.png in Resources */,
				F2BB83AC21810822005C9292 /* real-example-16(2).jpg in Resources */,
				F2BB83A521810822005C9292 /* real-example-13.jpg in Resources */,
				9208EC971E44B4C9002F72BE /* AnalyzeImageViewController.xib in Resources */,
				F2BB83B521810822005C9292 /* real-example-18.jpg in Resources */,
				F2BB83A421810822005C9292 /* real-example-11.jpg in Resources */,
				F2BB83A221810822005C9292 /* real-example-10.jpg in Resources */,
				F2BB83B021810822005C9292 /* real-example-20.jpg in Resources */,
				F2BB83AA21810822005C9292 /* real-example-7(1).jpg in Resources */,
				F2BB83A621810822005C9292 /* real-example-2.jpg in Resources */,
				F2BB83AB21810822005C9292 /* real-example-7(2).jpg in Resources */,
				F2BB83BA21810822005C9292 /* example-3.bmp in Resources */,
				F2BB83A021810822005C9292 /* real-example-5.jpg in Resources */,
				F2BB83AD21810822005C9292 /* real-example-7(3).jpg in Resources */,
				F2BB83B821810822005C9292 /* example-11-gray.jpg in Resources */,
				F2BB839C21810822005C9292 /* real-example-6.jpg in Resources */,
				F2BB83A721810822005C9292 /* real-example-3.jpg in Resources */,
			);
			runOnlyForDeploymentPostprocessing = 0;
		};
/* End PBXResourcesBuildPhase section */

/* Begin PBXSourcesBuildPhase section */
		F25940491C1F2AEA00AD4239 /* Sources */ = {
			isa = PBXSourcesBuildPhase;
			buildActionMask = 2147483647;
			files = (
				F24525362180939A00FF9DDA /* AppDelegate.m in Sources */,
				9208EC981E44B4C9002F72BE /* AnalyzeImageViewController.m in Sources */,
				F24525352180939A00FF9DDA /* main.m in Sources */,
				9208EC951E44B4C9002F72BE /* EAN13Parser.m in Sources */,
			);
			runOnlyForDeploymentPostprocessing = 0;
		};
/* End PBXSourcesBuildPhase section */

/* Begin XCBuildConfiguration section */
		F259407B1C1F2AEB00AD4239 /* Debug */ = {
			isa = XCBuildConfiguration;
			buildSettings = {
				ALWAYS_SEARCH_USER_PATHS = NO;
				CLANG_CXX_LANGUAGE_STANDARD = "gnu++0x";
				CLANG_CXX_LIBRARY = "libc++";
				CLANG_ENABLE_MODULES = YES;
				CLANG_ENABLE_OBJC_ARC = YES;
				CLANG_WARN_BLOCK_CAPTURE_AUTORELEASING = YES;
				CLANG_WARN_BOOL_CONVERSION = YES;
				CLANG_WARN_COMMA = YES;
				CLANG_WARN_CONSTANT_CONVERSION = YES;
				CLANG_WARN_DEPRECATED_OBJC_IMPLEMENTATIONS = YES;
				CLANG_WARN_DIRECT_OBJC_ISA_USAGE = YES_ERROR;
				CLANG_WARN_EMPTY_BODY = YES;
				CLANG_WARN_ENUM_CONVERSION = YES;
				CLANG_WARN_INFINITE_RECURSION = YES;
				CLANG_WARN_INT_CONVERSION = YES;
				CLANG_WARN_NON_LITERAL_NULL_CONVERSION = YES;
				CLANG_WARN_OBJC_IMPLICIT_RETAIN_SELF = YES;
				CLANG_WARN_OBJC_LITERAL_CONVERSION = YES;
				CLANG_WARN_OBJC_ROOT_CLASS = YES_ERROR;
				CLANG_WARN_RANGE_LOOP_ANALYSIS = YES;
				CLANG_WARN_STRICT_PROTOTYPES = YES;
				CLANG_WARN_SUSPICIOUS_MOVE = YES;
				CLANG_WARN_UNREACHABLE_CODE = YES;
				CLANG_WARN__DUPLICATE_METHOD_MATCH = YES;
				"CODE_SIGN_IDENTITY[sdk=iphoneos*]" = "iPhone Developer";
				COPY_PHASE_STRIP = NO;
				DEBUG_INFORMATION_FORMAT = dwarf;
				ENABLE_STRICT_OBJC_MSGSEND = YES;
				ENABLE_TESTABILITY = YES;
				GCC_C_LANGUAGE_STANDARD = gnu99;
				GCC_DYNAMIC_NO_PIC = NO;
				GCC_NO_COMMON_BLOCKS = YES;
				GCC_OPTIMIZATION_LEVEL = 0;
				GCC_PREPROCESSOR_DEFINITIONS = (
					"DEBUG=1",
					"$(inherited)",
				);
				GCC_WARN_64_TO_32_BIT_CONVERSION = YES;
				GCC_WARN_ABOUT_RETURN_TYPE = YES_ERROR;
				GCC_WARN_UNDECLARED_SELECTOR = YES;
				GCC_WARN_UNINITIALIZED_AUTOS = YES_AGGRESSIVE;
				GCC_WARN_UNUSED_FUNCTION = YES;
				GCC_WARN_UNUSED_VARIABLE = YES;
				IPHONEOS_DEPLOYMENT_TARGET = 9.1;
				MTL_ENABLE_DEBUG_INFO = YES;
				ONLY_ACTIVE_ARCH = YES;
				PROVISIONING_PROFILE = "bf7c7f93-3181-4380-b59c-436a21186516";
				SDKROOT = iphoneos;
			};
			name = Debug;
		};
		F259407C1C1F2AEB00AD4239 /* Release */ = {
			isa = XCBuildConfiguration;
			buildSettings = {
				ALWAYS_SEARCH_USER_PATHS = NO;
				CLANG_CXX_LANGUAGE_STANDARD = "gnu++0x";
				CLANG_CXX_LIBRARY = "libc++";
				CLANG_ENABLE_MODULES = YES;
				CLANG_ENABLE_OBJC_ARC = YES;
				CLANG_WARN_BLOCK_CAPTURE_AUTORELEASING = YES;
				CLANG_WARN_BOOL_CONVERSION = YES;
				CLANG_WARN_COMMA = YES;
				CLANG_WARN_CONSTANT_CONVERSION = YES;
				CLANG_WARN_DEPRECATED_OBJC_IMPLEMENTATIONS = YES;
				CLANG_WARN_DIRECT_OBJC_ISA_USAGE = YES_ERROR;
				CLANG_WARN_EMPTY_BODY = YES;
				CLANG_WARN_ENUM_CONVERSION = YES;
				CLANG_WARN_INFINITE_RECURSION = YES;
				CLANG_WARN_INT_CONVERSION = YES;
				CLANG_WARN_NON_LITERAL_NULL_CONVERSION = YES;
				CLANG_WARN_OBJC_IMPLICIT_RETAIN_SELF = YES;
				CLANG_WARN_OBJC_LITERAL_CONVERSION = YES;
				CLANG_WARN_OBJC_ROOT_CLASS = YES_ERROR;
				CLANG_WARN_RANGE_LOOP_ANALYSIS = YES;
				CLANG_WARN_STRICT_PROTOTYPES = YES;
				CLANG_WARN_SUSPICIOUS_MOVE = YES;
				CLANG_WARN_UNREACHABLE_CODE = YES;
				CLANG_WARN__DUPLICATE_METHOD_MATCH = YES;
				"CODE_SIGN_IDENTITY[sdk=iphoneos*]" = "iPhone Developer";
				COPY_PHASE_STRIP = NO;
				DEBUG_INFORMATION_FORMAT = "dwarf-with-dsym";
				ENABLE_NS_ASSERTIONS = NO;
				ENABLE_STRICT_OBJC_MSGSEND = YES;
				GCC_C_LANGUAGE_STANDARD = gnu99;
				GCC_NO_COMMON_BLOCKS = YES;
				GCC_WARN_64_TO_32_BIT_CONVERSION = YES;
				GCC_WARN_ABOUT_RETURN_TYPE = YES_ERROR;
				GCC_WARN_UNDECLARED_SELECTOR = YES;
				GCC_WARN_UNINITIALIZED_AUTOS = YES_AGGRESSIVE;
				GCC_WARN_UNUSED_FUNCTION = YES;
				GCC_WARN_UNUSED_VARIABLE = YES;
				IPHONEOS_DEPLOYMENT_TARGET = 9.1;
				MTL_ENABLE_DEBUG_INFO = NO;
				PROVISIONING_PROFILE = "bf7c7f93-3181-4380-b59c-436a21186516";
				SDKROOT = iphoneos;
				VALIDATE_PRODUCT = YES;
			};
			name = Release;
		};
		F259407E1C1F2AEB00AD4239 /* Debug */ = {
			isa = XCBuildConfiguration;
			buildSettings = {
				ASSETCATALOG_COMPILER_APPICON_NAME = AppIcon;
				INFOPLIST_FILE = "$(SRCROOT)/BarcodeReaderEAN-13/SupportingFiles/Info.plist";
				IPHONEOS_DEPLOYMENT_TARGET = 9.3;
				LD_RUNPATH_SEARCH_PATHS = "$(inherited) @executable_path/Frameworks";
				PRODUCT_BUNDLE_IDENTIFIER = "tori.barcode-reader.barcode-reader-ean13";
				PRODUCT_NAME = "$(TARGET_NAME)";
				TARGETED_DEVICE_FAMILY = "1,2";
			};
			name = Debug;
		};
		F259407F1C1F2AEB00AD4239 /* Release */ = {
			isa = XCBuildConfiguration;
			buildSettings = {
				ASSETCATALOG_COMPILER_APPICON_NAME = AppIcon;
				INFOPLIST_FILE = "$(SRCROOT)/BarcodeReaderEAN-13/SupportingFiles/Info.plist";
				IPHONEOS_DEPLOYMENT_TARGET = 9.3;
				LD_RUNPATH_SEARCH_PATHS = "$(inherited) @executable_path/Frameworks";
				PRODUCT_BUNDLE_IDENTIFIER = "tori.barcode-reader.barcode-reader-ean13";
				PRODUCT_NAME = "$(TARGET_NAME)";
				TARGETED_DEVICE_FAMILY = "1,2";
			};
			name = Release;
		};
/* End XCBuildConfiguration section */

/* Begin XCConfigurationList section */
		F25940481C1F2AEA00AD4239 /* Build configuration list for PBXProject "BarcodeReaderEAN-13" */ = {
			isa = XCConfigurationList;
			buildConfigurations = (
				F259407B1C1F2AEB00AD4239 /* Debug */,
				F259407C1C1F2AEB00AD4239 /* Release */,
			);
			defaultConfigurationIsVisible = 0;
			defaultConfigurationName = Release;
		};
		F259407D1C1F2AEB00AD4239 /* Build configuration list for PBXNativeTarget "BarcodeReaderEAN-13" */ = {
			isa = XCConfigurationList;
			buildConfigurations = (
				F259407E1C1F2AEB00AD4239 /* Debug */,
				F259407F1C1F2AEB00AD4239 /* Release */,
			);
			defaultConfigurationIsVisible = 0;
			defaultConfigurationName = Release;
		};
/* End XCConfigurationList section */
	};
	rootObject = F25940451C1F2AEA00AD4239 /* Project object */;
}
